
Microsoft Visual Studio Solution File, Format Version 12.00
# Visual Studio Version 17
VisualStudioVersion = 17.14.37027.9 d17.14
MinimumVisualStudioVersion = 10.0.40219.1
Project("{FAE04EC0-301F-11D3-BF4B-00C04F79EFBC}") = "WinFormsApp1", "WinFormsApp1\WinFormsApp1.csproj", "{BABC2CBE-63F3-42BA-AC1D-7C1CB65945C4}"
EndProject
Global
	GlobalSection(SolutionConfigurationPlatforms) = preSolution
		Debug|Any CPU = Debug|Any CPU
		Release|Any CPU = Release|Any CPU
	EndGlobalSection
	GlobalSection(ProjectConfigurationPlatforms) = postSolution
		{BABC2CBE-63F3-42BA-AC1D-7C1CB65945C4}.Debug|Any CPU.ActiveCfg = Debug|Any CPU
		{BABC2CBE-63F3-42BA-AC1D-7C1CB65945C4}.Debug|Any CPU.Build.0 = Debug|Any CPU
		{BABC2CBE-63F3-42BA-AC1D-7C1CB65945C4}.Release|Any CPU.ActiveCfg = Release|Any CPU
		{BABC2CBE-63F3-42BA-AC1D-7C1CB65945C4}.Release|Any CPU.Build.0 = Release|Any CPU
	EndGlobalSection
	GlobalSection(SolutionProperties) = preSolution
		HideSolutionNode = FALSE
	EndGlobalSection
	GlobalSection(ExtensibilityGlobals) = postSolution
		SolutionGuid = {9A2575B3-8563-4DF8-AB2D-27217CD45C6C}
	EndGlobalSection
EndGlobal
